
Microsoft Visual Studio Solution File, Format Version 12.00
# Visual Studio Version 16
VisualStudioVersion = 16.0.30114.105
MinimumVisualStudioVersion = 10.0.40219.1
Project("{FAE04EC0-301F-11D3-BF4B-00C04F79EFBC}") = "ExamichService", "ExamichService\ExamichService.csproj", "{8593C405-BF5D-4D73-92F4-E3007C7212CF}"
EndProject
Project("{FAE04EC0-301F-11D3-BF4B-00C04F79EFBC}") = "ExamichService.Configuration", "ExamichService.Configuration\ExamichService.Configuration.csproj", "{57E07559-D8D7-487A-8EEB-CC523A090E67}"
EndProject
Project("{FAE04EC0-301F-11D3-BF4B-00C04F79EFBC}") = "ExamichService.DTO", "ExamichService.DTO\ExamichService.DTO.csproj", "{C028FD52-8785-46BE-80A8-CF3D49A4D6F0}"
EndProject
Project("{FAE04EC0-301F-11D3-BF4B-00C04F79EFBC}") = "ExamichService.Entity", "ExamichService.Entity\ExamichService.Entity.csproj", "{99DD46FB-2C58-4D13-B987-2D853F545A93}"
EndProject
Project("{FAE04EC0-301F-11D3-BF4B-00C04F79EFBC}") = "ExamichService.Exceptions", "ExamichService.Exceptions\ExamichService.Exceptions.csproj", "{404C6738-4312-4263-B018-469123A19ABA}"
EndProject
Global
	GlobalSection(SolutionConfigurationPlatforms) = preSolution
		Debug|Any CPU = Debug|Any CPU
		Debug|x64 = Debug|x64
		Debug|x86 = Debug|x86
		Release|Any CPU = Release|Any CPU
		Release|x64 = Release|x64
		Release|x86 = Release|x86
	EndGlobalSection
	GlobalSection(SolutionProperties) = preSolution
		HideSolutionNode = FALSE
	EndGlobalSection
	GlobalSection(ProjectConfigurationPlatforms) = postSolution
		{8593C405-BF5D-4D73-92F4-E3007C7212CF}.Debug|Any CPU.ActiveCfg = Debug|Any CPU
		{8593C405-BF5D-4D73-92F4-E3007C7212CF}.Debug|Any CPU.Build.0 = Debug|Any CPU
		{8593C405-BF5D-4D73-92F4-E3007C7212CF}.Debug|x64.ActiveCfg = Debug|Any CPU
		{8593C405-BF5D-4D73-92F4-E3007C7212CF}.Debug|x64.Build.0 = Debug|Any CPU
		{8593C405-BF5D-4D73-92F4-E3007C7212CF}.Debug|x86.ActiveCfg = Debug|Any CPU
		{8593C405-BF5D-4D73-92F4-E3007C7212CF}.Debug|x86.Build.0 = Debug|Any CPU
		{8593C405-BF5D-4D73-92F4-E3007C7212CF}.Release|Any CPU.ActiveCfg = Release|Any CPU
		{8593C405-BF5D-4D73-92F4-E3007C7212CF}.Release|Any CPU.Build.0 = Release|Any CPU
		{8593C405-BF5D-4D73-92F4-E3007C7212CF}.Release|x64.ActiveCfg = Release|Any CPU
		{8593C405-BF5D-4D73-92F4-E3007C7212CF}.Release|x64.Build.0 = Release|Any CPU
		{8593C405-BF5D-4D73-92F4-E3007C7212CF}.Release|x86.ActiveCfg = Release|Any CPU
		{8593C405-BF5D-4D73-92F4-E3007C7212CF}.Release|x86.Build.0 = Release|Any CPU
		{57E07559-D8D7-487A-8EEB-CC523A090E67}.Debug|Any CPU.ActiveCfg = Debug|Any CPU
		{57E07559-D8D7-487A-8EEB-CC523A090E67}.Debug|Any CPU.Build.0 = Debug|Any CPU
		{57E07559-D8D7-487A-8EEB-CC523A090E67}.Debug|x64.ActiveCfg = Debug|Any CPU
		{57E07559-D8D7-487A-8EEB-CC523A090E67}.Debug|x64.Build.0 = Debug|Any CPU
		{57E07559-D8D7-487A-8EEB-CC523A090E67}.Debug|x86.ActiveCfg = Debug|Any CPU
		{57E07559-D8D7-487A-8EEB-CC523A090E67}.Debug|x86.Build.0 = Debug|Any CPU
		{57E07559-D8D7-487A-8EEB-CC523A090E67}.Release|Any CPU.ActiveCfg = Release|Any CPU
		{57E07559-D8D7-487A-8EEB-CC523A090E67}.Release|Any CPU.Build.0 = Release|Any CPU
		{57E07559-D8D7-487A-8EEB-CC523A090E67}.Release|x64.ActiveCfg = Release|Any CPU
		{57E07559-D8D7-487A-8EEB-CC523A090E67}.Release|x64.Build.0 = Release|Any CPU
		{57E07559-D8D7-487A-8EEB-CC523A090E67}.Release|x86.ActiveCfg = Release|Any CPU
		{57E07559-D8D7-487A-8EEB-CC523A090E67}.Release|x86.Build.0 = Release|Any CPU
		{C028FD52-8785-46BE-80A8-CF3D49A4D6F0}.Debug|Any CPU.ActiveCfg = Debug|Any CPU
		{C028FD52-8785-46BE-80A8-CF3D49A4D6F0}.Debug|Any CPU.Build.0 = Debug|Any CPU
		{C028FD52-8785-46BE-80A8-CF3D49A4D6F0}.Debug|x64.ActiveCfg = Debug|Any CPU
		{C028FD52-8785-46BE-80A8-CF3D49A4D6F0}.Debug|x64.Build.0 = Debug|Any CPU
		{C028FD52-8785-46BE-80A8-CF3D49A4D6F0}.Debug|x86.ActiveCfg = Debug|Any CPU
		{C028FD52-8785-46BE-80A8-CF3D49A4D6F0}.Debug|x86.Build.0 = Debug|Any CPU
		{C028FD52-8785-46BE-80A8-CF3D49A4D6F0}.Release|Any CPU.ActiveCfg = Release|Any CPU
		{C028FD52-8785-46BE-80A8-CF3D49A4D6F0}.Release|Any CPU.Build.0 = Release|Any CPU
		{C028FD52-8785-46BE-80A8-CF3D49A4D6F0}.Release|x64.ActiveCfg = Release|Any CPU
		{C028FD52-8785-46BE-80A8-CF3D49A4D6F0}.Release|x64.Build.0 = Release|Any CPU
		{C028FD52-8785-46BE-80A8-CF3D49A4D6F0}.Release|x86.ActiveCfg = Release|Any CPU
		{C028FD52-8785-46BE-80A8-CF3D49A4D6F0}.Release|x86.Build.0 = Release|Any CPU
		{99DD46FB-2C58-4D13-B987-2D853F545A93}.Debug|Any CPU.ActiveCfg = Debug|Any CPU
		{99DD46FB-2C58-4D13-B987-2D853F545A93}.Debug|Any CPU.Build.0 = Debug|Any CPU
		{99DD46FB-2C58-4D13-B987-2D853F545A93}.Debug|x64.ActiveCfg = Debug|Any CPU
		{99DD46FB-2C58-4D13-B987-2D853F545A93}.Debug|x64.Build.0 = Debug|Any CPU
		{99DD46FB-2C58-4D13-B987-2D853F545A93}.Debug|x86.ActiveCfg = Debug|Any CPU
		{99DD46FB-2C58-4D13-B987-2D853F545A93}.Debug|x86.Build.0 = Debug|Any CPU
		{99DD46FB-2C58-4D13-B987-2D853F545A93}.Release|Any CPU.ActiveCfg = Release|Any CPU
		{99DD46FB-2C58-4D13-B987-2D853F545A93}.Release|Any CPU.Build.0 = Release|Any CPU
		{99DD46FB-2C58-4D13-B987-2D853F545A93}.Release|x64.ActiveCfg = Release|Any CPU
		{99DD46FB-2C58-4D13-B987-2D853F545A93}.Release|x64.Build.0 = Release|Any CPU
		{99DD46FB-2C58-4D13-B987-2D853F545A93}.Release|x86.ActiveCfg = Release|Any CPU
		{99DD46FB-2C58-4D13-B987-2D853F545A93}.Release|x86.Build.0 = Release|Any CPU
		{404C6738-4312-4263-B018-469123A19ABA}.Debug|Any CPU.ActiveCfg = Debug|Any CPU
		{404C6738-4312-4263-B018-469123A19ABA}.Debug|Any CPU.Build.0 = Debug|Any CPU
		{404C6738-4312-4263-B018-469123A19ABA}.Debug|x64.ActiveCfg = Debug|Any CPU
		{404C6738-4312-4263-B018-469123A19ABA}.Debug|x64.Build.0 = Debug|Any CPU
		{404C6738-4312-4263-B018-469123A19ABA}.Debug|x86.ActiveCfg = Debug|Any CPU
		{404C6738-4312-4263-B018-469123A19ABA}.Debug|x86.Build.0 = Debug|Any CPU
		{404C6738-4312-4263-B018-469123A19ABA}.Release|Any CPU.ActiveCfg = Release|Any CPU
		{404C6738-4312-4263-B018-469123A19ABA}.Release|Any CPU.Build.0 = Release|Any CPU
		{404C6738-4312-4263-B018-469123A19ABA}.Release|x64.ActiveCfg = Release|Any CPU
		{404C6738-4312-4263-B018-469123A19ABA}.Release|x64.Build.0 = Release|Any CPU
		{404C6738-4312-4263-B018-469123A19ABA}.Release|x86.ActiveCfg = Release|Any CPU
		{404C6738-4312-4263-B018-469123A19ABA}.Release|x86.Build.0 = Release|Any CPU
	EndGlobalSection
EndGlobal
