
Microsoft Visual Studio Solution File, Format Version 12.00
# Visual Studio Version 16
VisualStudioVersion = 16.0.30114.105
MinimumVisualStudioVersion = 10.0.40219.1
Project("{FAE04EC0-301F-11D3-BF4B-00C04F79EFBC}") = "ExamichUserService", "ExamichUserService\ExamichUserService.csproj", "{42BA0ABC-6122-4909-8A07-4DF4BE7460EF}"
EndProject
Project("{FAE04EC0-301F-11D3-BF4B-00C04F79EFBC}") = "ExamichUserService.Configuration", "ExamichUserService.Configuration\ExamichUserService.Configuration.csproj", "{88BCFD24-DC84-4DC0-A18A-DDF052B463B5}"
EndProject
Project("{FAE04EC0-301F-11D3-BF4B-00C04F79EFBC}") = "ExamichUserService.DTO", "ExamichUserService.DTO\ExamichUserService.DTO.csproj", "{5F3946AD-093C-4B8C-B7EE-E6269490DE5B}"
EndProject
Project("{FAE04EC0-301F-11D3-BF4B-00C04F79EFBC}") = "ExamichUserService.Entity", "ExamichUserService.Entity\ExamichUserService.Entity.csproj", "{7B673F9F-4D9D-4810-B464-C0270015674F}"
EndProject
Project("{FAE04EC0-301F-11D3-BF4B-00C04F79EFBC}") = "ExamichUserService.Exceptions", "ExamichUserService.Exceptions\ExamichUserService.Exceptions.csproj", "{D47936E8-E3C1-4187-9B05-7B975D51EDB6}"
EndProject
Global
	GlobalSection(SolutionConfigurationPlatforms) = preSolution
		Debug|Any CPU = Debug|Any CPU
		Debug|x64 = Debug|x64
		Debug|x86 = Debug|x86
		Release|Any CPU = Release|Any CPU
		Release|x64 = Release|x64
		Release|x86 = Release|x86
	EndGlobalSection
	GlobalSection(SolutionProperties) = preSolution
		HideSolutionNode = FALSE
	EndGlobalSection
	GlobalSection(ProjectConfigurationPlatforms) = postSolution
		{42BA0ABC-6122-4909-8A07-4DF4BE7460EF}.Debug|Any CPU.ActiveCfg = Debug|Any CPU
		{42BA0ABC-6122-4909-8A07-4DF4BE7460EF}.Debug|Any CPU.Build.0 = Debug|Any CPU
		{42BA0ABC-6122-4909-8A07-4DF4BE7460EF}.Debug|x64.ActiveCfg = Debug|Any CPU
		{42BA0ABC-6122-4909-8A07-4DF4BE7460EF}.Debug|x64.Build.0 = Debug|Any CPU
		{42BA0ABC-6122-4909-8A07-4DF4BE7460EF}.Debug|x86.ActiveCfg = Debug|Any CPU
		{42BA0ABC-6122-4909-8A07-4DF4BE7460EF}.Debug|x86.Build.0 = Debug|Any CPU
		{42BA0ABC-6122-4909-8A07-4DF4BE7460EF}.Release|Any CPU.ActiveCfg = Release|Any CPU
		{42BA0ABC-6122-4909-8A07-4DF4BE7460EF}.Release|Any CPU.Build.0 = Release|Any CPU
		{42BA0ABC-6122-4909-8A07-4DF4BE7460EF}.Release|x64.ActiveCfg = Release|Any CPU
		{42BA0ABC-6122-4909-8A07-4DF4BE7460EF}.Release|x64.Build.0 = Release|Any CPU
		{42BA0ABC-6122-4909-8A07-4DF4BE7460EF}.Release|x86.ActiveCfg = Release|Any CPU
		{42BA0ABC-6122-4909-8A07-4DF4BE7460EF}.Release|x86.Build.0 = Release|Any CPU
		{88BCFD24-DC84-4DC0-A18A-DDF052B463B5}.Debug|Any CPU.ActiveCfg = Debug|Any CPU
		{88BCFD24-DC84-4DC0-A18A-DDF052B463B5}.Debug|Any CPU.Build.0 = Debug|Any CPU
		{88BCFD24-DC84-4DC0-A18A-DDF052B463B5}.Debug|x64.ActiveCfg = Debug|Any CPU
		{88BCFD24-DC84-4DC0-A18A-DDF052B463B5}.Debug|x64.Build.0 = Debug|Any CPU
		{88BCFD24-DC84-4DC0-A18A-DDF052B463B5}.Debug|x86.ActiveCfg = Debug|Any CPU
		{88BCFD24-DC84-4DC0-A18A-DDF052B463B5}.Debug|x86.Build.0 = Debug|Any CPU
		{88BCFD24-DC84-4DC0-A18A-DDF052B463B5}.Release|Any CPU.ActiveCfg = Release|Any CPU
		{88BCFD24-DC84-4DC0-A18A-DDF052B463B5}.Release|Any CPU.Build.0 = Release|Any CPU
		{88BCFD24-DC84-4DC0-A18A-DDF052B463B5}.Release|x64.ActiveCfg = Release|Any CPU
		{88BCFD24-DC84-4DC0-A18A-DDF052B463B5}.Release|x64.Build.0 = Release|Any CPU
		{88BCFD24-DC84-4DC0-A18A-DDF052B463B5}.Release|x86.ActiveCfg = Release|Any CPU
		{88BCFD24-DC84-4DC0-A18A-DDF052B463B5}.Release|x86.Build.0 = Release|Any CPU
		{5F3946AD-093C-4B8C-B7EE-E6269490DE5B}.Debug|Any CPU.ActiveCfg = Debug|Any CPU
		{5F3946AD-093C-4B8C-B7EE-E6269490DE5B}.Debug|Any CPU.Build.0 = Debug|Any CPU
		{5F3946AD-093C-4B8C-B7EE-E6269490DE5B}.Debug|x64.ActiveCfg = Debug|Any CPU
		{5F3946AD-093C-4B8C-B7EE-E6269490DE5B}.Debug|x64.Build.0 = Debug|Any CPU
		{5F3946AD-093C-4B8C-B7EE-E6269490DE5B}.Debug|x86.ActiveCfg = Debug|Any CPU
		{5F3946AD-093C-4B8C-B7EE-E6269490DE5B}.Debug|x86.Build.0 = Debug|Any CPU
		{5F3946AD-093C-4B8C-B7EE-E6269490DE5B}.Release|Any CPU.ActiveCfg = Release|Any CPU
		{5F3946AD-093C-4B8C-B7EE-E6269490DE5B}.Release|Any CPU.Build.0 = Release|Any CPU
		{5F3946AD-093C-4B8C-B7EE-E6269490DE5B}.Release|x64.ActiveCfg = Release|Any CPU
		{5F3946AD-093C-4B8C-B7EE-E6269490DE5B}.Release|x64.Build.0 = Release|Any CPU
		{5F3946AD-093C-4B8C-B7EE-E6269490DE5B}.Release|x86.ActiveCfg = Release|Any CPU
		{5F3946AD-093C-4B8C-B7EE-E6269490DE5B}.Release|x86.Build.0 = Release|Any CPU
		{7B673F9F-4D9D-4810-B464-C0270015674F}.Debug|Any CPU.ActiveCfg = Debug|Any CPU
		{7B673F9F-4D9D-4810-B464-C0270015674F}.Debug|Any CPU.Build.0 = Debug|Any CPU
		{7B673F9F-4D9D-4810-B464-C0270015674F}.Debug|x64.ActiveCfg = Debug|Any CPU
		{7B673F9F-4D9D-4810-B464-C0270015674F}.Debug|x64.Build.0 = Debug|Any CPU
		{7B673F9F-4D9D-4810-B464-C0270015674F}.Debug|x86.ActiveCfg = Debug|Any CPU
		{7B673F9F-4D9D-4810-B464-C0270015674F}.Debug|x86.Build.0 = Debug|Any CPU
		{7B673F9F-4D9D-4810-B464-C0270015674F}.Release|Any CPU.ActiveCfg = Release|Any CPU
		{7B673F9F-4D9D-4810-B464-C0270015674F}.Release|Any CPU.Build.0 = Release|Any CPU
		{7B673F9F-4D9D-4810-B464-C0270015674F}.Release|x64.ActiveCfg = Release|Any CPU
		{7B673F9F-4D9D-4810-B464-C0270015674F}.Release|x64.Build.0 = Release|Any CPU
		{7B673F9F-4D9D-4810-B464-C0270015674F}.Release|x86.ActiveCfg = Release|Any CPU
		{7B673F9F-4D9D-4810-B464-C0270015674F}.Release|x86.Build.0 = Release|Any CPU
		{D47936E8-E3C1-4187-9B05-7B975D51EDB6}.Debug|Any CPU.ActiveCfg = Debug|Any CPU
		{D47936E8-E3C1-4187-9B05-7B975D51EDB6}.Debug|Any CPU.Build.0 = Debug|Any CPU
		{D47936E8-E3C1-4187-9B05-7B975D51EDB6}.Debug|x64.ActiveCfg = Debug|Any CPU
		{D47936E8-E3C1-4187-9B05-7B975D51EDB6}.Debug|x64.Build.0 = Debug|Any CPU
		{D47936E8-E3C1-4187-9B05-7B975D51EDB6}.Debug|x86.ActiveCfg = Debug|Any CPU
		{D47936E8-E3C1-4187-9B05-7B975D51EDB6}.Debug|x86.Build.0 = Debug|Any CPU
		{D47936E8-E3C1-4187-9B05-7B975D51EDB6}.Release|Any CPU.ActiveCfg = Release|Any CPU
		{D47936E8-E3C1-4187-9B05-7B975D51EDB6}.Release|Any CPU.Build.0 = Release|Any CPU
		{D47936E8-E3C1-4187-9B05-7B975D51EDB6}.Release|x64.ActiveCfg = Release|Any CPU
		{D47936E8-E3C1-4187-9B05-7B975D51EDB6}.Release|x64.Build.0 = Release|Any CPU
		{D47936E8-E3C1-4187-9B05-7B975D51EDB6}.Release|x86.ActiveCfg = Release|Any CPU
		{D47936E8-E3C1-4187-9B05-7B975D51EDB6}.Release|x86.Build.0 = Release|Any CPU
	EndGlobalSection
EndGlobal
